
Microsoft Visual Studio Solution File, Format Version 12.00
# Visual Studio Version 16
VisualStudioVersion = 16.0.31019.35
MinimumVisualStudioVersion = 10.0.40219.1
Project("{9A19103F-16F7-4668-BE54-9A1E7A4F7556}") = "LolaKitchen", "LolaKitchen\LolaKitchen.csproj", "{A7087461-8642-4D82-9A44-9734720663D0}"
EndProject
Global
	GlobalSection(SolutionConfigurationPlatforms) = preSolution
		Debug|Any CPU = Debug|Any CPU
		Release|Any CPU = Release|Any CPU
	EndGlobalSection
	GlobalSection(ProjectConfigurationPlatforms) = postSolution
		{A7087461-8642-4D82-9A44-9734720663D0}.Debug|Any CPU.ActiveCfg = Debug|Any CPU
		{A7087461-8642-4D82-9A44-9734720663D0}.Debug|Any CPU.Build.0 = Debug|Any CPU
		{A7087461-8642-4D82-9A44-9734720663D0}.Release|Any CPU.ActiveCfg = Release|Any CPU
		{A7087461-8642-4D82-9A44-9734720663D0}.Release|Any CPU.Build.0 = Release|Any CPU
	EndGlobalSection
	GlobalSection(SolutionProperties) = preSolution
		HideSolutionNode = FALSE
	EndGlobalSection
	GlobalSection(ExtensibilityGlobals) = postSolution
		SolutionGuid = {09AA1ADE-97BB-4C25-A028-E6BCE59DC9A4}
	EndGlobalSection
EndGlobal
